
Microsoft Visual Studio Solution File, Format Version 12.00
# Visual Studio Version 17
VisualStudioVersion = 17.6.33801.468
MinimumVisualStudioVersion = 10.0.40219.1
Project("{FAE04EC0-301F-11D3-BF4B-00C04F79EFBC}") = "Hero", "Hero\Hero.csproj", "{FC69CF9B-95EB-42C6-AEEE-F8102C772972}"
EndProject
Global
	GlobalSection(SolutionConfigurationPlatforms) = preSolution
		Debug|Any CPU = Debug|Any CPU
		Release|Any CPU = Release|Any CPU
	EndGlobalSection
	GlobalSection(ProjectConfigurationPlatforms) = postSolution
		{FC69CF9B-95EB-42C6-AEEE-F8102C772972}.Debug|Any CPU.ActiveCfg = Debug|Any CPU
		{FC69CF9B-95EB-42C6-AEEE-F8102C772972}.Debug|Any CPU.Build.0 = Debug|Any CPU
		{FC69CF9B-95EB-42C6-AEEE-F8102C772972}.Release|Any CPU.ActiveCfg = Release|Any CPU
		{FC69CF9B-95EB-42C6-AEEE-F8102C772972}.Release|Any CPU.Build.0 = Release|Any CPU
	EndGlobalSection
	GlobalSection(SolutionProperties) = preSolution
		HideSolutionNode = FALSE
	EndGlobalSection
	GlobalSection(ExtensibilityGlobals) = postSolution
		SolutionGuid = {E1C251F5-D900-44CE-8175-61F834587CF5}
	EndGlobalSection
EndGlobal
